{
  "name": "TigressOS",
  "version": "1.0.0",
  "description": "TigressOS - Personal AI workspace system",
  "main": "app/index.js",
  "scripts": {
    "start": "node app/index.js",
    "dev": "node app/index.js"
  },
  "keywords": ["ai", "workspace", "chatgpt"],
  "author": "samchase8619-cmd",
  "license": "MIT",
  "dependencies": {}
}